// !$*UTF8*$!
{
	archiveVersion = 1;
	classes = {
	};
	objectVersion = 56;
	objects = {

/* Begin PBXBuildFile section */
		296ECF972AD53325002A23E2 /* PawetApp.swift in Sources */ = {isa = PBXBuildFile; fileRef = 296ECF962AD53325002A23E2 /* PawetApp.swift */; };
		296ECF992AD53325002A23E2 /* ContentView.swift in Sources */ = {isa = PBXBuildFile; fileRef = 296ECF982AD53325002A23E2 /* ContentView.swift */; };
		296ECF9B2AD53327002A23E2 /* Assets.xcassets in Resources */ = {isa = PBXBuildFile; fileRef = 296ECF9A2AD53327002A23E2 /* Assets.xcassets */; };
		296ECF9E2AD53327002A23E2 /* Preview Assets.xcassets in Resources */ = {isa = PBXBuildFile; fileRef = 296ECF9D2AD53327002A23E2 /* Preview Assets.xcassets */; };
		52EC464A2ADD40CB002E01BC /* Clink screen.swift in Sources */ = {isa = PBXBuildFile; fileRef = 52EC46492ADD40CB002E01BC /* Clink screen.swift */; };
		52EC464C2ADD418E002E01BC /* Splash Screen.swift in Sources */ = {isa = PBXBuildFile; fileRef = 52EC464B2ADD418E002E01BC /* Splash Screen.swift */; };
		A510D5032AD7ED8C00866D7F /* MAP.swift in Sources */ = {isa = PBXBuildFile; fileRef = A510D5022AD7ED8C00866D7F /* MAP.swift */; };
		A627A4C92AD9559900407AA3 /* search.swift in Sources */ = {isa = PBXBuildFile; fileRef = A627A4C82AD9559900407AA3 /* search.swift */; };
		A69902DE2AD7CEDF004147E6 /* Area.swift in Sources */ = {isa = PBXBuildFile; fileRef = A69902DD2AD7CEDF004147E6 /* Area.swift */; };
		A69902E02AD7CF37004147E6 /* card1.swift in Sources */ = {isa = PBXBuildFile; fileRef = A69902DF2AD7CF37004147E6 /* card1.swift */; };
/* End PBXBuildFile section */

/* Begin PBXFileReference section */
		296ECF932AD53325002A23E2 /* Pawet.app */ = {isa = PBXFileReference; explicitFileType = wrapper.application; includeInIndex = 0; path = Pawet.app; sourceTree = BUILT_PRODUCTS_DIR; };
		296ECF962AD53325002A23E2 /* PawetApp.swift */ = {isa = PBXFileReference; lastKnownFileType = sourcecode.swift; path = PawetApp.swift; sourceTree = "<group>"; };
		296ECF982AD53325002A23E2 /* ContentView.swift */ = {isa = PBXFileReference; lastKnownFileType = sourcecode.swift; path = ContentView.swift; sourceTree = "<group>"; };
		296ECF9A2AD53327002A23E2 /* Assets.xcassets */ = {isa = PBXFileReference; lastKnownFileType = folder.assetcatalog; path = Assets.xcassets; sourceTree = "<group>"; };
		296ECF9D2AD53327002A23E2 /* Preview Assets.xcassets */ = {isa = PBXFileReference; lastKnownFileType = folder.assetcatalog; path = "Preview Assets.xcassets"; sourceTree = "<group>"; };
		52EC46492ADD40CB002E01BC /* Clink screen.swift */ = {isa = PBXFileReference; lastKnownFileType = sourcecode.swift; path = "Clink screen.swift"; sourceTree = "<group>"; };
		52EC464B2ADD418E002E01BC /* Splash Screen.swift */ = {isa = PBXFileReference; lastKnownFileType = sourcecode.swift; path = "Splash Screen.swift"; sourceTree = "<group>"; };
		A510D5022AD7ED8C00866D7F /* MAP.swift */ = {isa = PBXFileReference; lastKnownFileType = sourcecode.swift; path = MAP.swift; sourceTree = "<group>"; };
		A627A4C82AD9559900407AA3 /* search.swift */ = {isa = PBXFileReference; lastKnownFileType = sourcecode.swift; path = search.swift; sourceTree = "<group>"; };
		A69902DD2AD7CEDF004147E6 /* Area.swift */ = {isa = PBXFileReference; lastKnownFileType = sourcecode.swift; path = Area.swift; sourceTree = "<group>"; };
		A69902DF2AD7CF37004147E6 /* card1.swift */ = {isa = PBXFileReference; lastKnownFileType = sourcecode.swift; path = card1.swift; sourceTree = "<group>"; };
/* End PBXFileReference section */

/* Begin PBXFrameworksBuildPhase section */
		296ECF902AD53325002A23E2 /* Frameworks */ = {
			isa = PBXFrameworksBuildPhase;
			buildActionMask = 2147483647;
			files = (
			);
			runOnlyForDeploymentPostprocessing = 0;
		};
/* End PBXFrameworksBuildPhase section */

/* Begin PBXGroup section */
		296ECF8A2AD53325002A23E2 = {
			isa = PBXGroup;
			children = (
				296ECF952AD53325002A23E2 /* Pawet */,
				296ECF942AD53325002A23E2 /* Products */,
			);
			sourceTree = "<group>";
		};
		296ECF942AD53325002A23E2 /* Products */ = {
			isa = PBXGroup;
			children = (
				296ECF932AD53325002A23E2 /* Pawet.app */,
			);
			name = Products;
			sourceTree = "<group>";
		};
		296ECF952AD53325002A23E2 /* Pawet */ = {
			isa = PBXGroup;
			children = (
				296ECF962AD53325002A23E2 /* PawetApp.swift */,
				296ECF982AD53325002A23E2 /* ContentView.swift */,
				52EC464B2ADD418E002E01BC /* Splash Screen.swift */,
				52EC46492ADD40CB002E01BC /* Clink screen.swift */,
				A69902DD2AD7CEDF004147E6 /* Area.swift */,
				A627A4C82AD9559900407AA3 /* search.swift */,
				A510D5022AD7ED8C00866D7F /* MAP.swift */,
				A69902DF2AD7CF37004147E6 /* card1.swift */,
				296ECF9A2AD53327002A23E2 /* Assets.xcassets */,
				296ECF9C2AD53327002A23E2 /* Preview Content */,
			);
			path = Pawet;
			sourceTree = "<group>";
		};
		296ECF9C2AD53327002A23E2 /* Preview Content */ = {
			isa = PBXGroup;
			children = (
				296ECF9D2AD53327002A23E2 /* Preview Assets.xcassets */,
			);
			path = "Preview Content";
			sourceTree = "<group>";
		};
/* End PBXGroup section */

/* Begin PBXNativeTarget section */
		296ECF922AD53325002A23E2 /* Pawet */ = {
			isa = PBXNativeTarget;
			buildConfigurationList = 296ECFA12AD53327002A23E2 /* Build configuration list for PBXNativeTarget "Pawet" */;
			buildPhases = (
				296ECF8F2AD53325002A23E2 /* Sources */,
				296ECF902AD53325002A23E2 /* Frameworks */,
				296ECF912AD53325002A23E2 /* Resources */,
			);
			buildRules = (
			);
			dependencies = (
			);
			name = Pawet;
			productName = Pawet;
			productReference = 296ECF932AD53325002A23E2 /* Pawet.app */;
			productType = "com.apple.product-type.application";
		};
/* End PBXNativeTarget section */

/* Begin PBXProject section */
		296ECF8B2AD53325002A23E2 /* Project object */ = {
			isa = PBXProject;
			attributes = {
				BuildIndependentTargetsInParallel = 1;
				LastSwiftUpdateCheck = 1500;
				LastUpgradeCheck = 1500;
				TargetAttributes = {
					296ECF922AD53325002A23E2 = {
						CreatedOnToolsVersion = 15.0;
					};
				};
			};
			buildConfigurationList = 296ECF8E2AD53325002A23E2 /* Build configuration list for PBXProject "Pawet" */;
			compatibilityVersion = "Xcode 14.0";
			developmentRegion = en;
			hasScannedForEncodings = 0;
			knownRegions = (
				en,
				Base,
			);
			mainGroup = 296ECF8A2AD53325002A23E2;
			productRefGroup = 296ECF942AD53325002A23E2 /* Products */;
			projectDirPath = "";
			projectRoot = "";
			targets = (
				296ECF922AD53325002A23E2 /* Pawet */,
			);
		};
/* End PBXProject section */

/* Begin PBXResourcesBuildPhase section */
		296ECF912AD53325002A23E2 /* Resources */ = {
			isa = PBXResourcesBuildPhase;
			buildActionMask = 2147483647;
			files = (
				296ECF9E2AD53327002A23E2 /* Preview Assets.xcassets in Resources */,
				296ECF9B2AD53327002A23E2 /* Assets.xcassets in Resources */,
			);
			runOnlyForDeploymentPostprocessing = 0;
		};
/* End PBXResourcesBuildPhase section */

/* Begin PBXSourcesBuildPhase section */
		296ECF8F2AD53325002A23E2 /* Sources */ = {
			isa = PBXSourcesBuildPhase;
			buildActionMask = 2147483647;
			files = (
				296ECF992AD53325002A23E2 /* ContentView.swift in Sources */,
				A510D5032AD7ED8C00866D7F /* MAP.swift in Sources */,
				52EC464C2ADD418E002E01BC /* Splash Screen.swift in Sources */,
				A69902E02AD7CF37004147E6 /* card1.swift in Sources */,
				A69902DE2AD7CEDF004147E6 /* Area.swift in Sources */,
				A627A4C92AD9559900407AA3 /* search.swift in Sources */,
				52EC464A2ADD40CB002E01BC /* Clink screen.swift in Sources */,
				296ECF972AD53325002A23E2 /* PawetApp.swift in Sources */,
			);
			runOnlyForDeploymentPostprocessing = 0;
		};
/* End PBXSourcesBuildPhase section */

/* Begin XCBuildConfiguration section */
		296ECF9F2AD53327002A23E2 /* Debug */ = {
			isa = XCBuildConfiguration;
			buildSettings = {
				ALWAYS_SEARCH_USER_PATHS = NO;
				ASSETCATALOG_COMPILER_GENERATE_SWIFT_ASSET_SYMBOL_EXTENSIONS = YES;
				CLANG_ANALYZER_NONNULL = YES;
				CLANG_ANALYZER_NUMBER_OBJECT_CONVERSION = YES_AGGRESSIVE;
				CLANG_CXX_LANGUAGE_STANDARD = "gnu++20";
				CLANG_ENABLE_MODULES = YES;
				CLANG_ENABLE_OBJC_ARC = YES;
				CLANG_ENABLE_OBJC_WEAK = YES;
				CLANG_WARN_BLOCK_CAPTURE_AUTORELEASING = YES;
				CLANG_WARN_BOOL_CONVERSION = YES;
				CLANG_WARN_COMMA = YES;
				CLANG_WARN_CONSTANT_CONVERSION = YES;
				CLANG_WARN_DEPRECATED_OBJC_IMPLEMENTATIONS = YES;
				CLANG_WARN_DIRECT_OBJC_ISA_USAGE = YES_ERROR;
				CLANG_WARN_DOCUMENTATION_COMMENTS = YES;
				CLANG_WARN_EMPTY_BODY = YES;
				CLANG_WARN_ENUM_CONVERSION = YES;
				CLANG_WARN_INFINITE_RECURSION = YES;
				CLANG_WARN_INT_CONVERSION = YES;
				CLANG_WARN_NON_LITERAL_NULL_CONVERSION = YES;
				CLANG_WARN_OBJC_IMPLICIT_RETAIN_SELF = YES;
				CLANG_WARN_OBJC_LITERAL_CONVERSION = YES;
				CLANG_WARN_OBJC_ROOT_CLASS = YES_ERROR;
				CLANG_WARN_QUOTED_INCLUDE_IN_FRAMEWORK_HEADER = YES;
				CLANG_WARN_RANGE_LOOP_ANALYSIS = YES;
				CLANG_WARN_STRICT_PROTOTYPES = YES;
				CLANG_WARN_SUSPICIOUS_MOVE = YES;
				CLANG_WARN_UNGUARDED_AVAILABILITY = YES_AGGRESSIVE;
				CLANG_WARN_UNREACHABLE_CODE = YES;
				CLANG_WARN__DUPLICATE_METHOD_MATCH = YES;
				COPY_PHASE_STRIP = NO;
				DEBUG_INFORMATION_FORMAT = dwarf;
				ENABLE_STRICT_OBJC_MSGSEND = YES;
				ENABLE_TESTABILITY = YES;
				ENABLE_USER_SCRIPT_SANDBOXING = YES;
				GCC_C_LANGUAGE_STANDARD = gnu17;
				GCC_DYNAMIC_NO_PIC = NO;
				GCC_NO_COMMON_BLOCKS = YES;
				GCC_OPTIMIZATION_LEVEL = 0;
				GCC_PREPROCESSOR_DEFINITIONS = (
					"DEBUG=1",
					"$(inherited)",
				);
				GCC_WARN_64_TO_32_BIT_CONVERSION = YES;
				GCC_WARN_ABOUT_RETURN_TYPE = YES_ERROR;
				GCC_WARN_UNDECLARED_SELECTOR = YES;
				GCC_WARN_UNINITIALIZED_AUTOS = YES_AGGRESSIVE;
				GCC_WARN_UNUSED_FUNCTION = YES;
				GCC_WARN_UNUSED_VARIABLE = YES;
				IPHONEOS_DEPLOYMENT_TARGET = 17.0;
				LOCALIZATION_PREFERS_STRING_CATALOGS = YES;
				MTL_ENABLE_DEBUG_INFO = INCLUDE_SOURCE;
				MTL_FAST_MATH = YES;
				ONLY_ACTIVE_ARCH = YES;
				SDKROOT = iphoneos;
				SWIFT_ACTIVE_COMPILATION_CONDITIONS = "DEBUG $(inherited)";
				SWIFT_OPTIMIZATION_LEVEL = "-Onone";
			};
			name = Debug;
		};
		296ECFA02AD53327002A23E2 /* Release */ = {
			isa = XCBuildConfiguration;
			buildSettings = {
				ALWAYS_SEARCH_USER_PATHS = NO;
				ASSETCATALOG_COMPILER_GENERATE_SWIFT_ASSET_SYMBOL_EXTENSIONS = YES;
				CLANG_ANALYZER_NONNULL = YES;
				CLANG_ANALYZER_NUMBER_OBJECT_CONVERSION = YES_AGGRESSIVE;
				CLANG_CXX_LANGUAGE_STANDARD = "gnu++20";
				CLANG_ENABLE_MODULES = YES;
				CLANG_ENABLE_OBJC_ARC = YES;
				CLANG_ENABLE_OBJC_WEAK = YES;
				CLANG_WARN_BLOCK_CAPTURE_AUTORELEASING = YES;
				CLANG_WARN_BOOL_CONVERSION = YES;
				CLANG_WARN_COMMA = YES;
				CLANG_WARN_CONSTANT_CONVERSION = YES;
				CLANG_WARN_DEPRECATED_OBJC_IMPLEMENTATIONS = YES;
				CLANG_WARN_DIRECT_OBJC_ISA_USAGE = YES_ERROR;
				CLANG_WARN_DOCUMENTATION_COMMENTS = YES;
				CLANG_WARN_EMPTY_BODY = YES;
				CLANG_WARN_ENUM_CONVERSION = YES;
				CLANG_WARN_INFINITE_RECURSION = YES;
				CLANG_WARN_INT_CONVERSION = YES;
				CLANG_WARN_NON_LITERAL_NULL_CONVERSION = YES;
				CLANG_WARN_OBJC_IMPLICIT_RETAIN_SELF = YES;
				CLANG_WARN_OBJC_LITERAL_CONVERSION = YES;
				CLANG_WARN_OBJC_ROOT_CLASS = YES_ERROR;
				CLANG_WARN_QUOTED_INCLUDE_IN_FRAMEWORK_HEADER = YES;
				CLANG_WARN_RANGE_LOOP_ANALYSIS = YES;
				CLANG_WARN_STRICT_PROTOTYPES = YES;
				CLANG_WARN_SUSPICIOUS_MOVE = YES;
				CLANG_WARN_UNGUARDED_AVAILABILITY = YES_AGGRESSIVE;
				CLANG_WARN_UNREACHABLE_CODE = YES;
				CLANG_WARN__DUPLICATE_METHOD_MATCH = YES;
				COPY_PHASE_STRIP = NO;
				DEBUG_INFORMATION_FORMAT = "dwarf-with-dsym";
				ENABLE_NS_ASSERTIONS = NO;
				ENABLE_STRICT_OBJC_MSGSEND = YES;
				ENABLE_USER_SCRIPT_SANDBOXING = YES;
				GCC_C_LANGUAGE_STANDARD = gnu17;
				GCC_NO_COMMON_BLOCKS = YES;
				GCC_WARN_64_TO_32_BIT_CONVERSION = YES;
				GCC_WARN_ABOUT_RETURN_TYPE = YES_ERROR;
				GCC_WARN_UNDECLARED_SELECTOR = YES;
				GCC_WARN_UNINITIALIZED_AUTOS = YES_AGGRESSIVE;
				GCC_WARN_UNUSED_FUNCTION = YES;
				GCC_WARN_UNUSED_VARIABLE = YES;
				IPHONEOS_DEPLOYMENT_TARGET = 17.0;
				LOCALIZATION_PREFERS_STRING_CATALOGS = YES;
				MTL_ENABLE_DEBUG_INFO = NO;
				MTL_FAST_MATH = YES;
				SDKROOT = iphoneos;
				SWIFT_COMPILATION_MODE = wholemodule;
				VALIDATE_PRODUCT = YES;
			};
			name = Release;
		};
		296ECFA22AD53327002A23E2 /* Debug */ = {
			isa = XCBuildConfiguration;
			buildSettings = {
				ASSETCATALOG_COMPILER_APPICON_NAME = AppIcon;
				ASSETCATALOG_COMPILER_GLOBAL_ACCENT_COLOR_NAME = AccentColor;
				CODE_SIGN_STYLE = Automatic;
				CURRENT_PROJECT_VERSION = 1;
				DEVELOPMENT_ASSET_PATHS = "\"Pawet/Preview Content\"";
				DEVELOPMENT_TEAM = 6HC83GL94Q;
				ENABLE_PREVIEWS = YES;
				GENERATE_INFOPLIST_FILE = YES;
				INFOPLIST_KEY_UIApplicationSceneManifest_Generation = YES;
				INFOPLIST_KEY_UIApplicationSupportsIndirectInputEvents = YES;
				INFOPLIST_KEY_UILaunchScreen_Generation = YES;
				INFOPLIST_KEY_UISupportedInterfaceOrientations_iPad = "UIInterfaceOrientationPortrait UIInterfaceOrientationPortraitUpsideDown UIInterfaceOrientationLandscapeLeft UIInterfaceOrientationLandscapeRight";
				INFOPLIST_KEY_UISupportedInterfaceOrientations_iPhone = "UIInterfaceOrientationPortrait UIInterfaceOrientationLandscapeLeft UIInterfaceOrientationLandscapeRight";
				LD_RUNPATH_SEARCH_PATHS = (
					"$(inherited)",
					"@executable_path/Frameworks",
				);
				MARKETING_VERSION = 1.0;
				PRODUCT_BUNDLE_IDENTIFIER = non.Pawet;
				PRODUCT_NAME = "$(TARGET_NAME)";
				SWIFT_EMIT_LOC_STRINGS = YES;
				SWIFT_VERSION = 5.0;
				TARGETED_DEVICE_FAMILY = "1,2";
			};
			name = Debug;
		};
		296ECFA32AD53327002A23E2 /* Release */ = {
			isa = XCBuildConfiguration;
			buildSettings = {
				ASSETCATALOG_COMPILER_APPICON_NAME = AppIcon;
				ASSETCATALOG_COMPILER_GLOBAL_ACCENT_COLOR_NAME = AccentColor;
				CODE_SIGN_STYLE = Automatic;
				CURRENT_PROJECT_VERSION = 1;
				DEVELOPMENT_ASSET_PATHS = "\"Pawet/Preview Content\"";
				DEVELOPMENT_TEAM = 6HC83GL94Q;
				ENABLE_PREVIEWS = YES;
				GENERATE_INFOPLIST_FILE = YES;
				INFOPLIST_KEY_UIApplicationSceneManifest_Generation = YES;
				INFOPLIST_KEY_UIApplicationSupportsIndirectInputEvents = YES;
				INFOPLIST_KEY_UILaunchScreen_Generation = YES;
				INFOPLIST_KEY_UISupportedInterfaceOrientations_iPad = "UIInterfaceOrientationPortrait UIInterfaceOrientationPortraitUpsideDown UIInterfaceOrientationLandscapeLeft UIInterfaceOrientationLandscapeRight";
				INFOPLIST_KEY_UISupportedInterfaceOrientations_iPhone = "UIInterfaceOrientationPortrait UIInterfaceOrientationLandscapeLeft UIInterfaceOrientationLandscapeRight";
				LD_RUNPATH_SEARCH_PATHS = (
					"$(inherited)",
					"@executable_path/Frameworks",
				);
				MARKETING_VERSION = 1.0;
				PRODUCT_BUNDLE_IDENTIFIER = non.Pawet;
				PRODUCT_NAME = "$(TARGET_NAME)";
				SWIFT_EMIT_LOC_STRINGS = YES;
				SWIFT_VERSION = 5.0;
				TARGETED_DEVICE_FAMILY = "1,2";
			};
			name = Release;
		};
/* End XCBuildConfiguration section */

/* Begin XCConfigurationList section */
		296ECF8E2AD53325002A23E2 /* Build configuration list for PBXProject "Pawet" */ = {
			isa = XCConfigurationList;
			buildConfigurations = (
				296ECF9F2AD53327002A23E2 /* Debug */,
				296ECFA02AD53327002A23E2 /* Release */,
			);
			defaultConfigurationIsVisible = 0;
			defaultConfigurationName = Release;
		};
		296ECFA12AD53327002A23E2 /* Build configuration list for PBXNativeTarget "Pawet" */ = {
			isa = XCConfigurationList;
			buildConfigurations = (
				296ECFA22AD53327002A23E2 /* Debug */,
				296ECFA32AD53327002A23E2 /* Release */,
			);
			defaultConfigurationIsVisible = 0;
			defaultConfigurationName = Release;
		};
/* End XCConfigurationList section */
	};
	rootObject = 296ECF8B2AD53325002A23E2 /* Project object */;
}
